# THIS IS AN AUTOGENERATED FILE. DO NOT EDIT THIS FILE DIRECTLY.
# yarn lockfile v1


"@babel/helper-plugin-utils@^7.8.0":
  version "7.10.4"
  resolved "https://registry.yarnpkg.com/@babel/helper-plugin-utils/-/helper-plugin-utils-7.10.4.tgz#2f75a831269d4f677de49986dff59927533cf375"
  integrity sha512-O4KCvQA6lLiMU9l2eawBPMf1xPP8xPfB3iEQw150hOVTqj/rfXz0ThTb4HEzqQfs2Bmo5Ay8BzxfzVtBrr9dVg==

"@babel/plugin-syntax-object-rest-spread@^7.8.3":
  version "7.8.3"
  resolved "https://registry.yarnpkg.com/@babel/plugin-syntax-object-rest-spread/-/plugin-syntax-object-rest-spread-7.8.3.tgz#60e225edcbd98a640332a2e72dd3e66f1af55871"
  integrity sha512-XoqMijGZb9y3y2XskN+P1wUGiVwWZ5JmoDRwx5+3GmEplNyVM2s2Dg8ILFQm8rWM48orGy5YpI5Bl8U1y7ydlA==
  dependencies:
    "@babel/helper-plugin-utils" "^7.8.0"

"@testing-library/jest-dom@link:../node_modules/@testing-library/jest-dom":
  version "0.0.0"
  uid ""

"@testing-library/react@link:../node_modules/@testing-library/react":
  version "0.0.0"
  uid ""

"@testing-library/user-event@link:../node_modules/@testing-library/user-event":
  version "0.0.0"
  uid ""

"@types/jest@link:../node_modules/@types/jest":
  version "0.0.0"
  uid ""

"@types/node@link:../node_modules/@types/node":
  version "0.0.0"
  uid ""

"@types/prop-types@*":
  version "15.7.3"
  resolved "https://registry.yarnpkg.com/@types/prop-types/-/prop-types-15.7.3.tgz#2ab0d5da2e5815f94b0b9d4b95d1e5f243ab2ca7"
  integrity sha512-KfRL3PuHmqQLOG+2tGpRO26Ctg+Cq1E01D2DMriKEATHgWLfeNDmq9e29Q9WIky0dQ3NPkd1mzYH8Lm936Z9qw==

"@types/react-dom@0.14.23":
  version "0.14.23"
  resolved "https://registry.yarnpkg.com/@types/react-dom/-/react-dom-0.14.23.tgz#cecfcfad754b4c2765fe5d29b81b301889ad6c2e"
  integrity sha1-zs/PrXVLTCdl/l0puBswGImtbC4=
  dependencies:
    "@types/react" "*"

"@types/react@*":
  version "17.0.0"
  resolved "https://registry.yarnpkg.com/@types/react/-/react-17.0.0.tgz#5af3eb7fad2807092f0046a1302b7823e27919b8"
  integrity sha512-aj/L7RIMsRlWML3YB6KZiXB3fV2t41+5RBGYF8z+tAKU43Px8C3cYUZsDvf1/+Bm4FK21QWBrDutu8ZJ/70qOw==
  dependencies:
    "@types/prop-types" "*"
    csstype "^3.0.2"

"@types/react@link:../node_modules/@types/react":
  version "0.0.0"
  uid ""

csstype@^3.0.2:
  version "3.0.5"
  resolved "https://registry.yarnpkg.com/csstype/-/csstype-3.0.5.tgz#7fdec6a28a67ae18647c51668a9ff95bb2fa7bb8"
  integrity sha512-uVDi8LpBUKQj6sdxNaTetL6FpeCqTjOvAQuQUa/qAqq8oOd4ivkbhgnqayl0dnPal8Tb/yB1tF+gOvCBiicaiQ==

"react-dom@link:../node_modules/react-dom":
  version "0.0.0"
  uid ""

"react-scripts@link:../node_modules/react-scripts":
  version "0.0.0"
  uid ""

"react@link:../node_modules/react":
  version "0.0.0"
  uid ""

"reactjs-social-login@link:..":
  version "0.0.0"
  uid ""

"typescript@link:../node_modules/typescript":
  version "0.0.0"
  uid ""
